{
  "version": 4,
  "terraform_version": "1.7.4",
  "serial": 9,
  "lineage": "444c615e-b916-8d7e-995e-f5f19e9db41f",
  "outputs": {},
  "resources": [
    {
      "mode": "managed",
      "type": "google_firestore_database",
      "name": "haikyu_database",
      "provider": "provider[\"registry.terraform.io/hashicorp/google\"]",
      "instances": [
        {
          "schema_version": 0,
          "attributes": {
            "app_engine_integration_mode": "DISABLED",
            "concurrency_mode": "PESSIMISTIC",
            "create_time": "",
            "delete_protection_state": "DELETE_PROTECTION_DISABLED",
            "deletion_policy": "ABANDON",
            "earliest_version_time": "2024-03-07T03:44:42.273751Z",
            "etag": "IMy/yZef4YQDMNeXjKqe4YQD",
            "id": "projects/haikyu-questionnaire/databases/haikyu",
            "key_prefix": "",
            "location_id": "us-central1",
            "name": "haikyu",
            "point_in_time_recovery_enablement": "POINT_IN_TIME_RECOVERY_DISABLED",
            "project": "haikyu-questionnaire",
            "timeouts": null,
            "type": "FIRESTORE_NATIVE",
            "uid": "f79df8ca-a724-4e01-a783-dad6ec900050",
            "update_time": "",
            "version_retention_period": "3600s"
          },
          "sensitive_attributes": [],
          "private": "eyJlMmJmYjczMC1lY2FhLTExZTYtOGY4OC0zNDM2M2JjN2M0YzAiOnsiY3JlYXRlIjoxMjAwMDAwMDAwMDAwLCJkZWxldGUiOjEyMDAwMDAwMDAwMDAsInVwZGF0ZSI6MTIwMDAwMDAwMDAwMH19"
        }
      ]
    }
  ],
  "check_results": null
}
